
Microsoft Visual Studio Solution File, Format Version 12.00
# Visual Studio 15
VisualStudioVersion = 15.0.25914.0
MinimumVisualStudioVersion = 10.0.40219.1
Project("{2150E333-8FDC-42A3-9474-1A3956D46DE8}") = "Tests", "Tests", "{EC867F23-8A77-48BE-8E10-1A836922D4F4}"
EndProject
Project("{2150E333-8FDC-42A3-9474-1A3956D46DE8}") = "Implements", "Implements", "{3F897945-502F-4ABD-8D14-8C5CFBB9DF4A}"
EndProject
Project("{2150E333-8FDC-42A3-9474-1A3956D46DE8}") = "Interface", "Interface", "{377CDE29-C5C8-4952-855F-C2EB5E5093C3}"
EndProject
Project("{2150E333-8FDC-42A3-9474-1A3956D46DE8}") = "Platforms", "Platforms", "{B18E5BB5-D468-4F81-8B18-D0E10918A89A}"
EndProject
Project("{FAE04EC0-301F-11D3-BF4B-00C04F79EFBC}") = "MvvX.Plugins.AssemblyFinder", "MvvX.Plugins.AssemblyFinder\MvvX.Plugins.AssemblyFinder.csproj", "{40CBA8B4-B885-423E-BC78-F5519B1B1B73}"
EndProject
Project("{FAE04EC0-301F-11D3-BF4B-00C04F79EFBC}") = "MvvX.Plugins.AssemblyFinder.Wpf", "MvvX.Plugins.AssemblyFinder.Wpf\MvvX.Plugins.AssemblyFinder.Wpf.csproj", "{B9181D7A-5BED-4E6E-90D8-0CD7F9DE8A68}"
EndProject
Project("{FAE04EC0-301F-11D3-BF4B-00C04F79EFBC}") = "MvvX.Plugins.AssemblyFinder.Droid", "MvvX.Plugins.AssemblyFinder.Droid\MvvX.Plugins.AssemblyFinder.Droid.csproj", "{B4FA4499-708B-491C-B80E-68E102F2CDE1}"
EndProject
Project("{FAE04EC0-301F-11D3-BF4B-00C04F79EFBC}") = "MvvX.Plugins.AssemblyFinder.Touch", "MvvX.Plugins.AssemblyFinder.Touch\MvvX.Plugins.AssemblyFinder.Touch.csproj", "{606EEE69-6C98-4EDB-A045-7559A15EC141}"
EndProject
Project("{2150E333-8FDC-42A3-9474-1A3956D46DE8}") = "_readme", "_readme", "{24785706-7553-4337-99F1-28911BE8E884}"
	ProjectSection(SolutionItems) = preProject
		..\README.md = ..\README.md
	EndProjectSection
EndProject
Project("{FAE04EC0-301F-11D3-BF4B-00C04F79EFBC}") = "Client.Droid", "Client.Droid\Client.Droid.csproj", "{C2AA5A00-3B69-44A1-820A-F322CDB35EE0}"
EndProject
Project("{FAE04EC0-301F-11D3-BF4B-00C04F79EFBC}") = "Client.SampleClasses", "Client.SampleClasses\Client.SampleClasses.csproj", "{47C6D681-188B-4526-AC2A-6A3A7A004C91}"
EndProject
Project("{FAE04EC0-301F-11D3-BF4B-00C04F79EFBC}") = "MvvX.Plugins.AssemblyFinder.WindowsUWP", "MvvX.Plugins.AssemblyFinder.WindowsUWP\MvvX.Plugins.AssemblyFinder.WindowsUWP.csproj", "{A681E325-D9CF-47CD-A081-E6569971594A}"
EndProject
Project("{FAE04EC0-301F-11D3-BF4B-00C04F79EFBC}") = "Client.UWP", "Client.UWP\Client.UWP.csproj", "{117F82EE-AFDC-41B3-B623-E342ED907E43}"
EndProject
Global
	GlobalSection(SolutionConfigurationPlatforms) = preSolution
		AppStore|Any CPU = AppStore|Any CPU
		AppStore|ARM = AppStore|ARM
		AppStore|x64 = AppStore|x64
		AppStore|x86 = AppStore|x86
		Debug|Any CPU = Debug|Any CPU
		Debug|ARM = Debug|ARM
		Debug|x64 = Debug|x64
		Debug|x86 = Debug|x86
		Release|Any CPU = Release|Any CPU
		Release|ARM = Release|ARM
		Release|x64 = Release|x64
		Release|x86 = Release|x86
	EndGlobalSection
	GlobalSection(ProjectConfigurationPlatforms) = postSolution
		{40CBA8B4-B885-423E-BC78-F5519B1B1B73}.AppStore|Any CPU.ActiveCfg = Release|Any CPU
		{40CBA8B4-B885-423E-BC78-F5519B1B1B73}.AppStore|Any CPU.Build.0 = Release|Any CPU
		{40CBA8B4-B885-423E-BC78-F5519B1B1B73}.AppStore|ARM.ActiveCfg = Release|Any CPU
		{40CBA8B4-B885-423E-BC78-F5519B1B1B73}.AppStore|ARM.Build.0 = Release|Any CPU
		{40CBA8B4-B885-423E-BC78-F5519B1B1B73}.AppStore|x64.ActiveCfg = Release|Any CPU
		{40CBA8B4-B885-423E-BC78-F5519B1B1B73}.AppStore|x64.Build.0 = Release|Any CPU
		{40CBA8B4-B885-423E-BC78-F5519B1B1B73}.AppStore|x86.ActiveCfg = Release|Any CPU
		{40CBA8B4-B885-423E-BC78-F5519B1B1B73}.AppStore|x86.Build.0 = Release|Any CPU
		{40CBA8B4-B885-423E-BC78-F5519B1B1B73}.Debug|Any CPU.ActiveCfg = Debug|Any CPU
		{40CBA8B4-B885-423E-BC78-F5519B1B1B73}.Debug|Any CPU.Build.0 = Debug|Any CPU
		{40CBA8B4-B885-423E-BC78-F5519B1B1B73}.Debug|ARM.ActiveCfg = Debug|Any CPU
		{40CBA8B4-B885-423E-BC78-F5519B1B1B73}.Debug|ARM.Build.0 = Debug|Any CPU
		{40CBA8B4-B885-423E-BC78-F5519B1B1B73}.Debug|x64.ActiveCfg = Debug|Any CPU
		{40CBA8B4-B885-423E-BC78-F5519B1B1B73}.Debug|x64.Build.0 = Debug|Any CPU
		{40CBA8B4-B885-423E-BC78-F5519B1B1B73}.Debug|x86.ActiveCfg = Debug|Any CPU
		{40CBA8B4-B885-423E-BC78-F5519B1B1B73}.Debug|x86.Build.0 = Debug|Any CPU
		{40CBA8B4-B885-423E-BC78-F5519B1B1B73}.Release|Any CPU.ActiveCfg = Release|Any CPU
		{40CBA8B4-B885-423E-BC78-F5519B1B1B73}.Release|Any CPU.Build.0 = Release|Any CPU
		{40CBA8B4-B885-423E-BC78-F5519B1B1B73}.Release|ARM.ActiveCfg = Release|Any CPU
		{40CBA8B4-B885-423E-BC78-F5519B1B1B73}.Release|ARM.Build.0 = Release|Any CPU
		{40CBA8B4-B885-423E-BC78-F5519B1B1B73}.Release|x64.ActiveCfg = Release|Any CPU
		{40CBA8B4-B885-423E-BC78-F5519B1B1B73}.Release|x64.Build.0 = Release|Any CPU
		{40CBA8B4-B885-423E-BC78-F5519B1B1B73}.Release|x86.ActiveCfg = Release|Any CPU
		{40CBA8B4-B885-423E-BC78-F5519B1B1B73}.Release|x86.Build.0 = Release|Any CPU
		{B9181D7A-5BED-4E6E-90D8-0CD7F9DE8A68}.AppStore|Any CPU.ActiveCfg = Release|Any CPU
		{B9181D7A-5BED-4E6E-90D8-0CD7F9DE8A68}.AppStore|Any CPU.Build.0 = Release|Any CPU
		{B9181D7A-5BED-4E6E-90D8-0CD7F9DE8A68}.AppStore|ARM.ActiveCfg = Release|Any CPU
		{B9181D7A-5BED-4E6E-90D8-0CD7F9DE8A68}.AppStore|ARM.Build.0 = Release|Any CPU
		{B9181D7A-5BED-4E6E-90D8-0CD7F9DE8A68}.AppStore|x64.ActiveCfg = Release|Any CPU
		{B9181D7A-5BED-4E6E-90D8-0CD7F9DE8A68}.AppStore|x64.Build.0 = Release|Any CPU
		{B9181D7A-5BED-4E6E-90D8-0CD7F9DE8A68}.AppStore|x86.ActiveCfg = Release|Any CPU
		{B9181D7A-5BED-4E6E-90D8-0CD7F9DE8A68}.AppStore|x86.Build.0 = Release|Any CPU
		{B9181D7A-5BED-4E6E-90D8-0CD7F9DE8A68}.Debug|Any CPU.ActiveCfg = Debug|Any CPU
		{B9181D7A-5BED-4E6E-90D8-0CD7F9DE8A68}.Debug|Any CPU.Build.0 = Debug|Any CPU
		{B9181D7A-5BED-4E6E-90D8-0CD7F9DE8A68}.Debug|ARM.ActiveCfg = Debug|Any CPU
		{B9181D7A-5BED-4E6E-90D8-0CD7F9DE8A68}.Debug|ARM.Build.0 = Debug|Any CPU
		{B9181D7A-5BED-4E6E-90D8-0CD7F9DE8A68}.Debug|x64.ActiveCfg = Debug|Any CPU
		{B9181D7A-5BED-4E6E-90D8-0CD7F9DE8A68}.Debug|x64.Build.0 = Debug|Any CPU
		{B9181D7A-5BED-4E6E-90D8-0CD7F9DE8A68}.Debug|x86.ActiveCfg = Debug|Any CPU
		{B9181D7A-5BED-4E6E-90D8-0CD7F9DE8A68}.Debug|x86.Build.0 = Debug|Any CPU
		{B9181D7A-5BED-4E6E-90D8-0CD7F9DE8A68}.Release|Any CPU.ActiveCfg = Release|Any CPU
		{B9181D7A-5BED-4E6E-90D8-0CD7F9DE8A68}.Release|Any CPU.Build.0 = Release|Any CPU
		{B9181D7A-5BED-4E6E-90D8-0CD7F9DE8A68}.Release|ARM.ActiveCfg = Release|Any CPU
		{B9181D7A-5BED-4E6E-90D8-0CD7F9DE8A68}.Release|ARM.Build.0 = Release|Any CPU
		{B9181D7A-5BED-4E6E-90D8-0CD7F9DE8A68}.Release|x64.ActiveCfg = Release|Any CPU
		{B9181D7A-5BED-4E6E-90D8-0CD7F9DE8A68}.Release|x64.Build.0 = Release|Any CPU
		{B9181D7A-5BED-4E6E-90D8-0CD7F9DE8A68}.Release|x86.ActiveCfg = Release|Any CPU
		{B9181D7A-5BED-4E6E-90D8-0CD7F9DE8A68}.Release|x86.Build.0 = Release|Any CPU
		{B4FA4499-708B-491C-B80E-68E102F2CDE1}.AppStore|Any CPU.ActiveCfg = Release|Any CPU
		{B4FA4499-708B-491C-B80E-68E102F2CDE1}.AppStore|Any CPU.Build.0 = Release|Any CPU
		{B4FA4499-708B-491C-B80E-68E102F2CDE1}.AppStore|ARM.ActiveCfg = Release|Any CPU
		{B4FA4499-708B-491C-B80E-68E102F2CDE1}.AppStore|ARM.Build.0 = Release|Any CPU
		{B4FA4499-708B-491C-B80E-68E102F2CDE1}.AppStore|x64.ActiveCfg = Release|Any CPU
		{B4FA4499-708B-491C-B80E-68E102F2CDE1}.AppStore|x64.Build.0 = Release|Any CPU
		{B4FA4499-708B-491C-B80E-68E102F2CDE1}.AppStore|x86.ActiveCfg = Release|Any CPU
		{B4FA4499-708B-491C-B80E-68E102F2CDE1}.AppStore|x86.Build.0 = Release|Any CPU
		{B4FA4499-708B-491C-B80E-68E102F2CDE1}.Debug|Any CPU.ActiveCfg = Debug|Any CPU
		{B4FA4499-708B-491C-B80E-68E102F2CDE1}.Debug|Any CPU.Build.0 = Debug|Any CPU
		{B4FA4499-708B-491C-B80E-68E102F2CDE1}.Debug|ARM.ActiveCfg = Debug|Any CPU
		{B4FA4499-708B-491C-B80E-68E102F2CDE1}.Debug|ARM.Build.0 = Debug|Any CPU
		{B4FA4499-708B-491C-B80E-68E102F2CDE1}.Debug|x64.ActiveCfg = Debug|Any CPU
		{B4FA4499-708B-491C-B80E-68E102F2CDE1}.Debug|x64.Build.0 = Debug|Any CPU
		{B4FA4499-708B-491C-B80E-68E102F2CDE1}.Debug|x86.ActiveCfg = Debug|Any CPU
		{B4FA4499-708B-491C-B80E-68E102F2CDE1}.Debug|x86.Build.0 = Debug|Any CPU
		{B4FA4499-708B-491C-B80E-68E102F2CDE1}.Release|Any CPU.ActiveCfg = Release|Any CPU
		{B4FA4499-708B-491C-B80E-68E102F2CDE1}.Release|Any CPU.Build.0 = Release|Any CPU
		{B4FA4499-708B-491C-B80E-68E102F2CDE1}.Release|ARM.ActiveCfg = Release|Any CPU
		{B4FA4499-708B-491C-B80E-68E102F2CDE1}.Release|ARM.Build.0 = Release|Any CPU
		{B4FA4499-708B-491C-B80E-68E102F2CDE1}.Release|x64.ActiveCfg = Release|Any CPU
		{B4FA4499-708B-491C-B80E-68E102F2CDE1}.Release|x64.Build.0 = Release|Any CPU
		{B4FA4499-708B-491C-B80E-68E102F2CDE1}.Release|x86.ActiveCfg = Release|Any CPU
		{B4FA4499-708B-491C-B80E-68E102F2CDE1}.Release|x86.Build.0 = Release|Any CPU
		{606EEE69-6C98-4EDB-A045-7559A15EC141}.AppStore|Any CPU.ActiveCfg = Release|Any CPU
		{606EEE69-6C98-4EDB-A045-7559A15EC141}.AppStore|Any CPU.Build.0 = Release|Any CPU
		{606EEE69-6C98-4EDB-A045-7559A15EC141}.AppStore|ARM.ActiveCfg = Release|Any CPU
		{606EEE69-6C98-4EDB-A045-7559A15EC141}.AppStore|ARM.Build.0 = Release|Any CPU
		{606EEE69-6C98-4EDB-A045-7559A15EC141}.AppStore|x64.ActiveCfg = Release|Any CPU
		{606EEE69-6C98-4EDB-A045-7559A15EC141}.AppStore|x64.Build.0 = Release|Any CPU
		{606EEE69-6C98-4EDB-A045-7559A15EC141}.AppStore|x86.ActiveCfg = Release|Any CPU
		{606EEE69-6C98-4EDB-A045-7559A15EC141}.AppStore|x86.Build.0 = Release|Any CPU
		{606EEE69-6C98-4EDB-A045-7559A15EC141}.Debug|Any CPU.ActiveCfg = Debug|Any CPU
		{606EEE69-6C98-4EDB-A045-7559A15EC141}.Debug|Any CPU.Build.0 = Debug|Any CPU
		{606EEE69-6C98-4EDB-A045-7559A15EC141}.Debug|ARM.ActiveCfg = Debug|Any CPU
		{606EEE69-6C98-4EDB-A045-7559A15EC141}.Debug|ARM.Build.0 = Debug|Any CPU
		{606EEE69-6C98-4EDB-A045-7559A15EC141}.Debug|x64.ActiveCfg = Debug|Any CPU
		{606EEE69-6C98-4EDB-A045-7559A15EC141}.Debug|x64.Build.0 = Debug|Any CPU
		{606EEE69-6C98-4EDB-A045-7559A15EC141}.Debug|x86.ActiveCfg = Debug|Any CPU
		{606EEE69-6C98-4EDB-A045-7559A15EC141}.Debug|x86.Build.0 = Debug|Any CPU
		{606EEE69-6C98-4EDB-A045-7559A15EC141}.Release|Any CPU.ActiveCfg = Release|Any CPU
		{606EEE69-6C98-4EDB-A045-7559A15EC141}.Release|Any CPU.Build.0 = Release|Any CPU
		{606EEE69-6C98-4EDB-A045-7559A15EC141}.Release|ARM.ActiveCfg = Release|Any CPU
		{606EEE69-6C98-4EDB-A045-7559A15EC141}.Release|ARM.Build.0 = Release|Any CPU
		{606EEE69-6C98-4EDB-A045-7559A15EC141}.Release|x64.ActiveCfg = Release|Any CPU
		{606EEE69-6C98-4EDB-A045-7559A15EC141}.Release|x64.Build.0 = Release|Any CPU
		{606EEE69-6C98-4EDB-A045-7559A15EC141}.Release|x86.ActiveCfg = Release|Any CPU
		{606EEE69-6C98-4EDB-A045-7559A15EC141}.Release|x86.Build.0 = Release|Any CPU
		{C2AA5A00-3B69-44A1-820A-F322CDB35EE0}.AppStore|Any CPU.ActiveCfg = Release|Any CPU
		{C2AA5A00-3B69-44A1-820A-F322CDB35EE0}.AppStore|Any CPU.Build.0 = Release|Any CPU
		{C2AA5A00-3B69-44A1-820A-F322CDB35EE0}.AppStore|Any CPU.Deploy.0 = Release|Any CPU
		{C2AA5A00-3B69-44A1-820A-F322CDB35EE0}.AppStore|ARM.ActiveCfg = Release|Any CPU
		{C2AA5A00-3B69-44A1-820A-F322CDB35EE0}.AppStore|ARM.Build.0 = Release|Any CPU
		{C2AA5A00-3B69-44A1-820A-F322CDB35EE0}.AppStore|ARM.Deploy.0 = Release|Any CPU
		{C2AA5A00-3B69-44A1-820A-F322CDB35EE0}.AppStore|x64.ActiveCfg = Release|Any CPU
		{C2AA5A00-3B69-44A1-820A-F322CDB35EE0}.AppStore|x64.Build.0 = Release|Any CPU
		{C2AA5A00-3B69-44A1-820A-F322CDB35EE0}.AppStore|x64.Deploy.0 = Release|Any CPU
		{C2AA5A00-3B69-44A1-820A-F322CDB35EE0}.AppStore|x86.ActiveCfg = Release|Any CPU
		{C2AA5A00-3B69-44A1-820A-F322CDB35EE0}.AppStore|x86.Build.0 = Release|Any CPU
		{C2AA5A00-3B69-44A1-820A-F322CDB35EE0}.AppStore|x86.Deploy.0 = Release|Any CPU
		{C2AA5A00-3B69-44A1-820A-F322CDB35EE0}.Debug|Any CPU.ActiveCfg = Debug|Any CPU
		{C2AA5A00-3B69-44A1-820A-F322CDB35EE0}.Debug|Any CPU.Build.0 = Debug|Any CPU
		{C2AA5A00-3B69-44A1-820A-F322CDB35EE0}.Debug|Any CPU.Deploy.0 = Debug|Any CPU
		{C2AA5A00-3B69-44A1-820A-F322CDB35EE0}.Debug|ARM.ActiveCfg = Debug|Any CPU
		{C2AA5A00-3B69-44A1-820A-F322CDB35EE0}.Debug|ARM.Build.0 = Debug|Any CPU
		{C2AA5A00-3B69-44A1-820A-F322CDB35EE0}.Debug|ARM.Deploy.0 = Debug|Any CPU
		{C2AA5A00-3B69-44A1-820A-F322CDB35EE0}.Debug|x64.ActiveCfg = Debug|Any CPU
		{C2AA5A00-3B69-44A1-820A-F322CDB35EE0}.Debug|x64.Build.0 = Debug|Any CPU
		{C2AA5A00-3B69-44A1-820A-F322CDB35EE0}.Debug|x64.Deploy.0 = Debug|Any CPU
		{C2AA5A00-3B69-44A1-820A-F322CDB35EE0}.Debug|x86.ActiveCfg = Debug|Any CPU
		{C2AA5A00-3B69-44A1-820A-F322CDB35EE0}.Debug|x86.Build.0 = Debug|Any CPU
		{C2AA5A00-3B69-44A1-820A-F322CDB35EE0}.Debug|x86.Deploy.0 = Debug|Any CPU
		{C2AA5A00-3B69-44A1-820A-F322CDB35EE0}.Release|Any CPU.ActiveCfg = Release|Any CPU
		{C2AA5A00-3B69-44A1-820A-F322CDB35EE0}.Release|Any CPU.Build.0 = Release|Any CPU
		{C2AA5A00-3B69-44A1-820A-F322CDB35EE0}.Release|Any CPU.Deploy.0 = Release|Any CPU
		{C2AA5A00-3B69-44A1-820A-F322CDB35EE0}.Release|ARM.ActiveCfg = Release|Any CPU
		{C2AA5A00-3B69-44A1-820A-F322CDB35EE0}.Release|ARM.Build.0 = Release|Any CPU
		{C2AA5A00-3B69-44A1-820A-F322CDB35EE0}.Release|ARM.Deploy.0 = Release|Any CPU
		{C2AA5A00-3B69-44A1-820A-F322CDB35EE0}.Release|x64.ActiveCfg = Release|Any CPU
		{C2AA5A00-3B69-44A1-820A-F322CDB35EE0}.Release|x64.Build.0 = Release|Any CPU
		{C2AA5A00-3B69-44A1-820A-F322CDB35EE0}.Release|x64.Deploy.0 = Release|Any CPU
		{C2AA5A00-3B69-44A1-820A-F322CDB35EE0}.Release|x86.ActiveCfg = Release|Any CPU
		{C2AA5A00-3B69-44A1-820A-F322CDB35EE0}.Release|x86.Build.0 = Release|Any CPU
		{C2AA5A00-3B69-44A1-820A-F322CDB35EE0}.Release|x86.Deploy.0 = Release|Any CPU
		{47C6D681-188B-4526-AC2A-6A3A7A004C91}.AppStore|Any CPU.ActiveCfg = Release|Any CPU
		{47C6D681-188B-4526-AC2A-6A3A7A004C91}.AppStore|Any CPU.Build.0 = Release|Any CPU
		{47C6D681-188B-4526-AC2A-6A3A7A004C91}.AppStore|ARM.ActiveCfg = Release|Any CPU
		{47C6D681-188B-4526-AC2A-6A3A7A004C91}.AppStore|ARM.Build.0 = Release|Any CPU
		{47C6D681-188B-4526-AC2A-6A3A7A004C91}.AppStore|x64.ActiveCfg = Release|Any CPU
		{47C6D681-188B-4526-AC2A-6A3A7A004C91}.AppStore|x64.Build.0 = Release|Any CPU
		{47C6D681-188B-4526-AC2A-6A3A7A004C91}.AppStore|x86.ActiveCfg = Release|Any CPU
		{47C6D681-188B-4526-AC2A-6A3A7A004C91}.AppStore|x86.Build.0 = Release|Any CPU
		{47C6D681-188B-4526-AC2A-6A3A7A004C91}.Debug|Any CPU.ActiveCfg = Debug|Any CPU
		{47C6D681-188B-4526-AC2A-6A3A7A004C91}.Debug|Any CPU.Build.0 = Debug|Any CPU
		{47C6D681-188B-4526-AC2A-6A3A7A004C91}.Debug|ARM.ActiveCfg = Debug|Any CPU
		{47C6D681-188B-4526-AC2A-6A3A7A004C91}.Debug|ARM.Build.0 = Debug|Any CPU
		{47C6D681-188B-4526-AC2A-6A3A7A004C91}.Debug|x64.ActiveCfg = Debug|Any CPU
		{47C6D681-188B-4526-AC2A-6A3A7A004C91}.Debug|x64.Build.0 = Debug|Any CPU
		{47C6D681-188B-4526-AC2A-6A3A7A004C91}.Debug|x86.ActiveCfg = Debug|Any CPU
		{47C6D681-188B-4526-AC2A-6A3A7A004C91}.Debug|x86.Build.0 = Debug|Any CPU
		{47C6D681-188B-4526-AC2A-6A3A7A004C91}.Release|Any CPU.ActiveCfg = Release|Any CPU
		{47C6D681-188B-4526-AC2A-6A3A7A004C91}.Release|Any CPU.Build.0 = Release|Any CPU
		{47C6D681-188B-4526-AC2A-6A3A7A004C91}.Release|ARM.ActiveCfg = Release|Any CPU
		{47C6D681-188B-4526-AC2A-6A3A7A004C91}.Release|ARM.Build.0 = Release|Any CPU
		{47C6D681-188B-4526-AC2A-6A3A7A004C91}.Release|x64.ActiveCfg = Release|Any CPU
		{47C6D681-188B-4526-AC2A-6A3A7A004C91}.Release|x64.Build.0 = Release|Any CPU
		{47C6D681-188B-4526-AC2A-6A3A7A004C91}.Release|x86.ActiveCfg = Release|Any CPU
		{47C6D681-188B-4526-AC2A-6A3A7A004C91}.Release|x86.Build.0 = Release|Any CPU
		{A681E325-D9CF-47CD-A081-E6569971594A}.AppStore|Any CPU.ActiveCfg = Release|Any CPU
		{A681E325-D9CF-47CD-A081-E6569971594A}.AppStore|Any CPU.Build.0 = Release|Any CPU
		{A681E325-D9CF-47CD-A081-E6569971594A}.AppStore|ARM.ActiveCfg = Release|ARM
		{A681E325-D9CF-47CD-A081-E6569971594A}.AppStore|ARM.Build.0 = Release|ARM
		{A681E325-D9CF-47CD-A081-E6569971594A}.AppStore|x64.ActiveCfg = Release|x64
		{A681E325-D9CF-47CD-A081-E6569971594A}.AppStore|x64.Build.0 = Release|x64
		{A681E325-D9CF-47CD-A081-E6569971594A}.AppStore|x86.ActiveCfg = Release|x86
		{A681E325-D9CF-47CD-A081-E6569971594A}.AppStore|x86.Build.0 = Release|x86
		{A681E325-D9CF-47CD-A081-E6569971594A}.Debug|Any CPU.ActiveCfg = Debug|Any CPU
		{A681E325-D9CF-47CD-A081-E6569971594A}.Debug|Any CPU.Build.0 = Debug|Any CPU
		{A681E325-D9CF-47CD-A081-E6569971594A}.Debug|ARM.ActiveCfg = Debug|ARM
		{A681E325-D9CF-47CD-A081-E6569971594A}.Debug|ARM.Build.0 = Debug|ARM
		{A681E325-D9CF-47CD-A081-E6569971594A}.Debug|x64.ActiveCfg = Debug|x64
		{A681E325-D9CF-47CD-A081-E6569971594A}.Debug|x64.Build.0 = Debug|x64
		{A681E325-D9CF-47CD-A081-E6569971594A}.Debug|x86.ActiveCfg = Debug|x86
		{A681E325-D9CF-47CD-A081-E6569971594A}.Debug|x86.Build.0 = Debug|x86
		{A681E325-D9CF-47CD-A081-E6569971594A}.Release|Any CPU.ActiveCfg = Release|Any CPU
		{A681E325-D9CF-47CD-A081-E6569971594A}.Release|Any CPU.Build.0 = Release|Any CPU
		{A681E325-D9CF-47CD-A081-E6569971594A}.Release|ARM.ActiveCfg = Release|ARM
		{A681E325-D9CF-47CD-A081-E6569971594A}.Release|ARM.Build.0 = Release|ARM
		{A681E325-D9CF-47CD-A081-E6569971594A}.Release|x64.ActiveCfg = Release|x64
		{A681E325-D9CF-47CD-A081-E6569971594A}.Release|x64.Build.0 = Release|x64
		{A681E325-D9CF-47CD-A081-E6569971594A}.Release|x86.ActiveCfg = Release|x86
		{A681E325-D9CF-47CD-A081-E6569971594A}.Release|x86.Build.0 = Release|x86
		{117F82EE-AFDC-41B3-B623-E342ED907E43}.AppStore|Any CPU.ActiveCfg = Release|x64
		{117F82EE-AFDC-41B3-B623-E342ED907E43}.AppStore|Any CPU.Build.0 = Release|x64
		{117F82EE-AFDC-41B3-B623-E342ED907E43}.AppStore|Any CPU.Deploy.0 = Release|x64
		{117F82EE-AFDC-41B3-B623-E342ED907E43}.AppStore|ARM.ActiveCfg = Release|ARM
		{117F82EE-AFDC-41B3-B623-E342ED907E43}.AppStore|ARM.Build.0 = Release|ARM
		{117F82EE-AFDC-41B3-B623-E342ED907E43}.AppStore|ARM.Deploy.0 = Release|ARM
		{117F82EE-AFDC-41B3-B623-E342ED907E43}.AppStore|x64.ActiveCfg = Release|x64
		{117F82EE-AFDC-41B3-B623-E342ED907E43}.AppStore|x64.Build.0 = Release|x64
		{117F82EE-AFDC-41B3-B623-E342ED907E43}.AppStore|x64.Deploy.0 = Release|x64
		{117F82EE-AFDC-41B3-B623-E342ED907E43}.AppStore|x86.ActiveCfg = Release|x86
		{117F82EE-AFDC-41B3-B623-E342ED907E43}.AppStore|x86.Build.0 = Release|x86
		{117F82EE-AFDC-41B3-B623-E342ED907E43}.AppStore|x86.Deploy.0 = Release|x86
		{117F82EE-AFDC-41B3-B623-E342ED907E43}.Debug|Any CPU.ActiveCfg = Debug|x86
		{117F82EE-AFDC-41B3-B623-E342ED907E43}.Debug|ARM.ActiveCfg = Debug|ARM
		{117F82EE-AFDC-41B3-B623-E342ED907E43}.Debug|ARM.Build.0 = Debug|ARM
		{117F82EE-AFDC-41B3-B623-E342ED907E43}.Debug|ARM.Deploy.0 = Debug|ARM
		{117F82EE-AFDC-41B3-B623-E342ED907E43}.Debug|x64.ActiveCfg = Debug|x64
		{117F82EE-AFDC-41B3-B623-E342ED907E43}.Debug|x64.Build.0 = Debug|x64
		{117F82EE-AFDC-41B3-B623-E342ED907E43}.Debug|x64.Deploy.0 = Debug|x64
		{117F82EE-AFDC-41B3-B623-E342ED907E43}.Debug|x86.ActiveCfg = Debug|x86
		{117F82EE-AFDC-41B3-B623-E342ED907E43}.Debug|x86.Build.0 = Debug|x86
		{117F82EE-AFDC-41B3-B623-E342ED907E43}.Debug|x86.Deploy.0 = Debug|x86
		{117F82EE-AFDC-41B3-B623-E342ED907E43}.Release|Any CPU.ActiveCfg = Release|x86
		{117F82EE-AFDC-41B3-B623-E342ED907E43}.Release|ARM.ActiveCfg = Release|ARM
		{117F82EE-AFDC-41B3-B623-E342ED907E43}.Release|ARM.Build.0 = Release|ARM
		{117F82EE-AFDC-41B3-B623-E342ED907E43}.Release|ARM.Deploy.0 = Release|ARM
		{117F82EE-AFDC-41B3-B623-E342ED907E43}.Release|x64.ActiveCfg = Release|x64
		{117F82EE-AFDC-41B3-B623-E342ED907E43}.Release|x64.Build.0 = Release|x64
		{117F82EE-AFDC-41B3-B623-E342ED907E43}.Release|x64.Deploy.0 = Release|x64
		{117F82EE-AFDC-41B3-B623-E342ED907E43}.Release|x86.ActiveCfg = Release|x86
		{117F82EE-AFDC-41B3-B623-E342ED907E43}.Release|x86.Build.0 = Release|x86
		{117F82EE-AFDC-41B3-B623-E342ED907E43}.Release|x86.Deploy.0 = Release|x86
	EndGlobalSection
	GlobalSection(SolutionProperties) = preSolution
		HideSolutionNode = FALSE
	EndGlobalSection
	GlobalSection(NestedProjects) = preSolution
		{377CDE29-C5C8-4952-855F-C2EB5E5093C3} = {3F897945-502F-4ABD-8D14-8C5CFBB9DF4A}
		{B18E5BB5-D468-4F81-8B18-D0E10918A89A} = {3F897945-502F-4ABD-8D14-8C5CFBB9DF4A}
		{40CBA8B4-B885-423E-BC78-F5519B1B1B73} = {377CDE29-C5C8-4952-855F-C2EB5E5093C3}
		{B9181D7A-5BED-4E6E-90D8-0CD7F9DE8A68} = {B18E5BB5-D468-4F81-8B18-D0E10918A89A}
		{B4FA4499-708B-491C-B80E-68E102F2CDE1} = {B18E5BB5-D468-4F81-8B18-D0E10918A89A}
		{606EEE69-6C98-4EDB-A045-7559A15EC141} = {B18E5BB5-D468-4F81-8B18-D0E10918A89A}
		{C2AA5A00-3B69-44A1-820A-F322CDB35EE0} = {EC867F23-8A77-48BE-8E10-1A836922D4F4}
		{47C6D681-188B-4526-AC2A-6A3A7A004C91} = {EC867F23-8A77-48BE-8E10-1A836922D4F4}
		{A681E325-D9CF-47CD-A081-E6569971594A} = {B18E5BB5-D468-4F81-8B18-D0E10918A89A}
		{117F82EE-AFDC-41B3-B623-E342ED907E43} = {EC867F23-8A77-48BE-8E10-1A836922D4F4}
	EndGlobalSection
EndGlobal
